
Microsoft Visual Studio Solution File, Format Version 12.00
# Visual Studio 15
VisualStudioVersion = 15.0.28010.2041
MinimumVisualStudioVersion = 10.0.40219.1
Project("{FAE04EC0-301F-11D3-BF4B-00C04F79EFBC}") = "BankApp", "BankApp\BankApp.csproj", "{392ED024-E49F-4AE8-8B40-4218C0B3313E}"
EndProject
Global
	GlobalSection(SolutionConfigurationPlatforms) = preSolution
		Debug|Any CPU = Debug|Any CPU
		Release|Any CPU = Release|Any CPU
	EndGlobalSection
	GlobalSection(ProjectConfigurationPlatforms) = postSolution
		{392ED024-E49F-4AE8-8B40-4218C0B3313E}.Debug|Any CPU.ActiveCfg = Debug|Any CPU
		{392ED024-E49F-4AE8-8B40-4218C0B3313E}.Debug|Any CPU.Build.0 = Debug|Any CPU
		{392ED024-E49F-4AE8-8B40-4218C0B3313E}.Release|Any CPU.ActiveCfg = Release|Any CPU
		{392ED024-E49F-4AE8-8B40-4218C0B3313E}.Release|Any CPU.Build.0 = Release|Any CPU
	EndGlobalSection
	GlobalSection(SolutionProperties) = preSolution
		HideSolutionNode = FALSE
	EndGlobalSection
	GlobalSection(ExtensibilityGlobals) = postSolution
		SolutionGuid = {CCF11C61-1C32-4534-802A-012AA3C951D8}
	EndGlobalSection
EndGlobal
